
Microsoft Visual Studio Solution File, Format Version 12.00
# Visual Studio Version 16
VisualStudioVersion = 16.0.30717.126
MinimumVisualStudioVersion = 10.0.40219.1
Project("{FAE04EC0-301F-11D3-BF4B-00C04F79EFBC}") = "zxksglxtWeb", "zxksglxtWeb.csproj", "{90FB6B6E-987D-4A0B-85A4-9B2F755840FF}"
EndProject
Global
	GlobalSection(SolutionConfigurationPlatforms) = preSolution
		Debug|Any CPU = Debug|Any CPU
		Release|Any CPU = Release|Any CPU
	EndGlobalSection
	GlobalSection(ProjectConfigurationPlatforms) = postSolution
		{90FB6B6E-987D-4A0B-85A4-9B2F755840FF}.Debug|Any CPU.ActiveCfg = Debug|Any CPU
		{90FB6B6E-987D-4A0B-85A4-9B2F755840FF}.Debug|Any CPU.Build.0 = Debug|Any CPU
		{90FB6B6E-987D-4A0B-85A4-9B2F755840FF}.Release|Any CPU.ActiveCfg = Release|Any CPU
		{90FB6B6E-987D-4A0B-85A4-9B2F755840FF}.Release|Any CPU.Build.0 = Release|Any CPU
	EndGlobalSection
	GlobalSection(SolutionProperties) = preSolution
		HideSolutionNode = FALSE
	EndGlobalSection
	GlobalSection(ExtensibilityGlobals) = postSolution
		SolutionGuid = {87150D95-AA49-4AE8-B27D-68FF3EBF09CA}
	EndGlobalSection
EndGlobal
